
Microsoft Visual Studio Solution File, Format Version 12.00
# Visual Studio Version 16
VisualStudioVersion = 16.0.810.25
MinimumVisualStudioVersion = 10.0.40219.1
Project("{FAE04EC0-301F-11D3-BF4B-00C04F79EFBC}") = "HeroBattle", "HeroBattle\HeroBattle.csproj", "{883EFEAF-0F39-4AAB-8709-C42C51F77620}"
EndProject
Global
	GlobalSection(SolutionConfigurationPlatforms) = preSolution
		Debug|anycpu = Debug|anycpu
		Release|anycpu = Release|anycpu
	EndGlobalSection
	GlobalSection(ProjectConfigurationPlatforms) = postSolution
		{883EFEAF-0F39-4AAB-8709-C42C51F77620}.Debug|anycpu.ActiveCfg = Debug|anycpu
		{883EFEAF-0F39-4AAB-8709-C42C51F77620}.Debug|anycpu.Build.0 = Debug|anycpu
		{883EFEAF-0F39-4AAB-8709-C42C51F77620}.Release|anycpu.ActiveCfg = Release|anycpu
		{883EFEAF-0F39-4AAB-8709-C42C51F77620}.Release|anycpu.Build.0 = Release|anycpu
	EndGlobalSection
	GlobalSection(SolutionProperties) = preSolution
		HideSolutionNode = FALSE
	EndGlobalSection
	GlobalSection(ExtensibilityGlobals) = postSolution
		SolutionGuid = {55AEE4AD-1C2C-4ADB-9F44-7515362F24A8}
	EndGlobalSection
EndGlobal
